<?xml version="1.0" encoding="utf-8"?>
<Project ToolsVersion="4.0" xmlns="http://schemas.microsoft.com/developer/msbuild/2003">
  <ItemGroup>
    <Filter Include="Fichiers sources">
      <UniqueIdentifier>{4FC737F1-C7A5-4376-A066-2A32D752A2FF}</UniqueIdentifier>
      <Extensions>cpp;c;cc;cxx;c++;cppm;ixx;def;odl;idl;hpj;bat;asm;asmx</Extensions>
    </Filter>
    <Filter Include="Fichiers d%27en-tête">
      <UniqueIdentifier>{93995380-89BD-4b04-88EB-625FBE52EBFB}</UniqueIdentifier>
      <Extensions>h;hh;hpp;hxx;h++;hm;inl;inc;ipp;xsd</Extensions>
    </Filter>
    <Filter Include="Fichiers de ressources">
      <UniqueIdentifier>{67DA6AB6-F800-4c08-8B7A-83BB121AAD01}</UniqueIdentifier>
      <Extensions>rc;ico;cur;bmp;dlg;rc2;rct;bin;rgs;gif;jpg;jpeg;jpe;resx;tiff;tif;png;wav;mfcribbon-ms</Extensions>
    </Filter>
    <Filter Include="Fichiers sources\data">
      <UniqueIdentifier>{5ca1c2a5-7461-4f27-9913-8bf3afc189ab}</UniqueIdentifier>
    </Filter>
    <Filter Include="Fichiers sources\output">
      <UniqueIdentifier>{03b44983-5d82-40e0-9baf-90c97865ea2a}</UniqueIdentifier>
    </Filter>
    <Filter Include="Fichiers sources\algorithms">
      <UniqueIdentifier>{cbacf954-e392-4219-875d-de8abb7cd80f}</UniqueIdentifier>
    </Filter>
    <Filter Include="Fichiers sources\data\points">
      <UniqueIdentifier>{a33bf797-1f1e-4d88-bbdb-3407f7ed82a3}</UniqueIdentifier>
    </Filter>
    <Filter Include="Fichiers sources\data\init_clust">
      <UniqueIdentifier>{cc3f7c31-2f93-44c8-934c-1fbccd3ff9d0}</UniqueIdentifier>
    </Filter>
    <Filter Include="Fichiers d%27en-tête\data">
      <UniqueIdentifier>{84bc7880-9b76-4bb0-8b59-a623a45770f4}</UniqueIdentifier>
    </Filter>
    <Filter Include="Fichiers d%27en-tête\data\init_clust">
      <UniqueIdentifier>{4fb18114-1e24-424c-961b-fb227c2b6d32}</UniqueIdentifier>
    </Filter>
    <Filter Include="Fichiers d%27en-tête\data\points">
      <UniqueIdentifier>{0dfdcd28-902d-4eb2-94d6-6d59bd2c480e}</UniqueIdentifier>
    </Filter>
    <Filter Include="Fichiers d%27en-tête\algorithms">
      <UniqueIdentifier>{4fd77310-d0c3-49aa-b3ee-7e8c65907467}</UniqueIdentifier>
    </Filter>
    <Filter Include="Fichiers d%27en-tête\output">
      <UniqueIdentifier>{d000f238-3f2e-4afe-b788-e393baeda2bc}</UniqueIdentifier>
    </Filter>
  </ItemGroup>
  <ItemGroup>
    <ClCompile Include="main.cpp">
      <Filter>Fichiers sources</Filter>
    </ClCompile>
    <ClCompile Include="tests.cpp">
      <Filter>Fichiers sources</Filter>
    </ClCompile>
    <ClCompile Include="factory.cpp">
      <Filter>Fichiers sources</Filter>
    </ClCompile>
    <ClCompile Include="utils.cpp">
      <Filter>Fichiers sources</Filter>
    </ClCompile>
    <ClCompile Include="BI.cpp">
      <Filter>Fichiers sources\algorithms</Filter>
    </ClCompile>
    <ClCompile Include="blobs.cpp">
      <Filter>Fichiers sources\data\points</Filter>
    </ClCompile>
    <ClCompile Include="centroids.cpp">
      <Filter>Fichiers sources\data</Filter>
    </ClCompile>
    <ClCompile Include="iteration_order.cpp">
      <Filter>Fichiers sources\algorithms</Filter>
    </ClCompile>
    <ClCompile Include="FI.cpp">
      <Filter>Fichiers sources\algorithms</Filter>
    </ClCompile>
    <ClCompile Include="operations.cpp">
      <Filter>Fichiers sources\algorithms</Filter>
    </ClCompile>
    <ClCompile Include="results.cpp">
      <Filter>Fichiers sources\output</Filter>
    </ClCompile>
    <ClCompile Include="dataset.cpp">
      <Filter>Fichiers sources\output</Filter>
    </ClCompile>
    <ClCompile Include="clustering.cpp">
      <Filter>Fichiers sources\data</Filter>
    </ClCompile>
    <ClCompile Include="kmeans.cpp">
      <Filter>Fichiers sources\data\init_clust</Filter>
    </ClCompile>
    <ClCompile Include="moon.cpp">
      <Filter>Fichiers sources\data\points</Filter>
    </ClCompile>
    <ClCompile Include="random_clust.cpp">
      <Filter>Fichiers sources\data\init_clust</Filter>
    </ClCompile>
    <ClCompile Include="tsplib.cpp">
      <Filter>Fichiers sources\data\points</Filter>
    </ClCompile>
    <ClCompile Include="uniform.cpp">
      <Filter>Fichiers sources\data\points</Filter>
    </ClCompile>
  </ItemGroup>
  <ItemGroup>
    <ClInclude Include="tests.h">
      <Filter>Fichiers d%27en-tête</Filter>
    </ClInclude>
    <ClInclude Include="constants.h">
      <Filter>Fichiers d%27en-tête</Filter>
    </ClInclude>
    <ClInclude Include="factory.h">
      <Filter>Fichiers d%27en-tête</Filter>
    </ClInclude>
    <ClInclude Include="utils.h">
      <Filter>Fichiers d%27en-tête</Filter>
    </ClInclude>
    <ClInclude Include="BI.h">
      <Filter>Fichiers d%27en-tête\algorithms</Filter>
    </ClInclude>
    <ClInclude Include="blobs.h">
      <Filter>Fichiers d%27en-tête\data\points</Filter>
    </ClInclude>
    <ClInclude Include="centroids.h">
      <Filter>Fichiers d%27en-tête\data</Filter>
    </ClInclude>
    <ClInclude Include="clustering.h">
      <Filter>Fichiers d%27en-tête\data</Filter>
    </ClInclude>
    <ClInclude Include="dataset.h">
      <Filter>Fichiers d%27en-tête\output</Filter>
    </ClInclude>
    <ClInclude Include="FI.h">
      <Filter>Fichiers d%27en-tête\algorithms</Filter>
    </ClInclude>
    <ClInclude Include="iteration_order.h">
      <Filter>Fichiers d%27en-tête\algorithms</Filter>
    </ClInclude>
    <ClInclude Include="kmeans.h">
      <Filter>Fichiers d%27en-tête\data\init_clust</Filter>
    </ClInclude>
    <ClInclude Include="moon.h">
      <Filter>Fichiers d%27en-tête\data\points</Filter>
    </ClInclude>
    <ClInclude Include="operations.h">
      <Filter>Fichiers d%27en-tête\algorithms</Filter>
    </ClInclude>
    <ClInclude Include="random_clust.h">
      <Filter>Fichiers d%27en-tête\data\init_clust</Filter>
    </ClInclude>
    <ClInclude Include="tsplib.h">
      <Filter>Fichiers d%27en-tête\data\points</Filter>
    </ClInclude>
    <ClInclude Include="uniform.h">
      <Filter>Fichiers d%27en-tête\data\points</Filter>
    </ClInclude>
    <ClInclude Include="results.h">
      <Filter>Fichiers d%27en-tête\output</Filter>
    </ClInclude>
  </ItemGroup>
</Project>