<?xml version="1.0" encoding="utf-8"?>
<Project ToolsVersion="4.0" xmlns="http://schemas.microsoft.com/developer/msbuild/2003">
  <ItemGroup>
    <Filter Include="Source Files">
      <UniqueIdentifier>{4FC737F1-C7A5-4376-A066-2A32D752A2FF}</UniqueIdentifier>
      <Extensions>cpp;c;cc;cxx;c++;cppm;ixx;def;odl;idl;hpj;bat;asm;asmx</Extensions>
    </Filter>
    <Filter Include="Header Files">
      <UniqueIdentifier>{93995380-89BD-4b04-88EB-625FBE52EBFB}</UniqueIdentifier>
      <Extensions>h;hh;hpp;hxx;h++;hm;inl;inc;ipp;xsd</Extensions>
    </Filter>
    <Filter Include="Resource Files">
      <UniqueIdentifier>{67DA6AB6-F800-4c08-8B7A-83BB121AAD01}</UniqueIdentifier>
      <Extensions>rc;ico;cur;bmp;dlg;rc2;rct;bin;rgs;gif;jpg;jpeg;jpe;resx;tiff;tif;png;wav;mfcribbon-ms</Extensions>
    </Filter>
    <Filter Include="tests">
      <UniqueIdentifier>{0b5b3693-0dc6-4f13-9f3b-eac22f20c9a4}</UniqueIdentifier>
    </Filter>
  </ItemGroup>
  <ItemGroup>
    <ClCompile Include="test.cpp">
      <Filter>tests</Filter>
    </ClCompile>
    <ClCompile Include="AbstractWritable.cpp">
      <Filter>Source Files</Filter>
    </ClCompile>
    <ClCompile Include="Algorithm.cpp">
      <Filter>Source Files</Filter>
    </ClCompile>
    <ClCompile Include="AlgorithmObservable.cpp">
      <Filter>Source Files</Filter>
    </ClCompile>
    <ClCompile Include="AlgorithmObserver.cpp">
      <Filter>Source Files</Filter>
    </ClCompile>
    <ClCompile Include="ClusteringGenerator.cpp">
      <Filter>Source Files</Filter>
    </ClCompile>
    <ClCompile Include="constants.cpp">
      <Filter>Source Files</Filter>
    </ClCompile>
    <ClCompile Include="Container.cpp">
      <Filter>Source Files</Filter>
    </ClCompile>
    <ClCompile Include="dataset.cpp">
      <Filter>Source Files</Filter>
    </ClCompile>
    <ClCompile Include="exceptions.cpp">
      <Filter>Source Files</Filter>
    </ClCompile>
    <ClCompile Include="factories.cpp">
      <Filter>Source Files</Filter>
    </ClCompile>
    <ClCompile Include="factory_observer.cpp">
      <Filter>Source Files</Filter>
    </ClCompile>
    <ClCompile Include="InstanceLoader.cpp">
      <Filter>Source Files</Filter>
    </ClCompile>
    <ClCompile Include="kmeans.cpp">
      <Filter>Source Files</Filter>
    </ClCompile>
    <ClCompile Include="Max_SAT.cpp">
      <Filter>Source Files</Filter>
    </ClCompile>
    <ClCompile Include="maxsat_improvement.cpp">
      <Filter>Source Files</Filter>
    </ClCompile>
    <ClCompile Include="MAXSATgenerator.cpp">
      <Filter>Source Files</Filter>
    </ClCompile>
    <ClCompile Include="Metrics.cpp">
      <Filter>Source Files</Filter>
    </ClCompile>
    <ClCompile Include="result.cpp">
      <Filter>Source Files</Filter>
    </ClCompile>
    <ClCompile Include="SolutionSaver.cpp">
      <Filter>Source Files</Filter>
    </ClCompile>
    <ClCompile Include="utils.cpp">
      <Filter>Source Files</Filter>
    </ClCompile>
    <ClCompile Include="progress.cpp">
      <Filter>Source Files</Filter>
    </ClCompile>
    <ClCompile Include="TSPGenerator.cpp">
      <Filter>Source Files</Filter>
    </ClCompile>
  </ItemGroup>
  <ItemGroup>
    <ClInclude Include="test.h">
      <Filter>tests</Filter>
    </ClInclude>
    <ClInclude Include="AbstractWritable.h">
      <Filter>Header Files</Filter>
    </ClInclude>
    <ClInclude Include="Algorithm.h">
      <Filter>Header Files</Filter>
    </ClInclude>
    <ClInclude Include="AlgorithmObservable.h">
      <Filter>Header Files</Filter>
    </ClInclude>
    <ClInclude Include="AlgorithmObserver.h">
      <Filter>Header Files</Filter>
    </ClInclude>
    <ClInclude Include="ClusteringGenerator.h">
      <Filter>Header Files</Filter>
    </ClInclude>
    <ClInclude Include="constants.h">
      <Filter>Header Files</Filter>
    </ClInclude>
    <ClInclude Include="Container.h">
      <Filter>Header Files</Filter>
    </ClInclude>
    <ClInclude Include="dataset.h">
      <Filter>Header Files</Filter>
    </ClInclude>
    <ClInclude Include="exceptions.h">
      <Filter>Header Files</Filter>
    </ClInclude>
    <ClInclude Include="factories.h">
      <Filter>Header Files</Filter>
    </ClInclude>
    <ClInclude Include="factory_observer.h">
      <Filter>Header Files</Filter>
    </ClInclude>
    <ClInclude Include="factory_observers.h">
      <Filter>Header Files</Filter>
    </ClInclude>
    <ClInclude Include="InstanceLoader.h">
      <Filter>Header Files</Filter>
    </ClInclude>
    <ClInclude Include="kmeans.h">
      <Filter>Header Files</Filter>
    </ClInclude>
    <ClInclude Include="maxsat_improvement.h">
      <Filter>Header Files</Filter>
    </ClInclude>
    <ClInclude Include="MAXSATgenerator.h">
      <Filter>Header Files</Filter>
    </ClInclude>
    <ClInclude Include="Metrics.h">
      <Filter>Header Files</Filter>
    </ClInclude>
    <ClInclude Include="result.h">
      <Filter>Header Files</Filter>
    </ClInclude>
    <ClInclude Include="SolutionSaver.h">
      <Filter>Header Files</Filter>
    </ClInclude>
    <ClInclude Include="utils.h">
      <Filter>Header Files</Filter>
    </ClInclude>
    <ClInclude Include="json.hpp">
      <Filter>Header Files</Filter>
    </ClInclude>
    <ClInclude Include="progress.h">
      <Filter>Header Files</Filter>
    </ClInclude>
    <ClInclude Include="TSPGenerator.h">
      <Filter>Header Files</Filter>
    </ClInclude>
    <ClInclude Include="types.h">
      <Filter>Header Files</Filter>
    </ClInclude>
    <ClInclude Include="argParser.hpp">
      <Filter>Header Files</Filter>
    </ClInclude>
  </ItemGroup>
  <ItemGroup>
    <None Include="packages.config" />
  </ItemGroup>
</Project>