<?xml version="1.0" encoding="utf-8"?>
<Project ToolsVersion="4.0" xmlns="http://schemas.microsoft.com/developer/msbuild/2003">
  <ItemGroup>
    <Filter Include="Fichiers sources">
      <UniqueIdentifier>{4FC737F1-C7A5-4376-A066-2A32D752A2FF}</UniqueIdentifier>
      <Extensions>cpp;c;cc;cxx;c++;cppm;ixx;def;odl;idl;hpj;bat;asm;asmx</Extensions>
    </Filter>
    <Filter Include="Fichiers d%27en-tête">
      <UniqueIdentifier>{93995380-89BD-4b04-88EB-625FBE52EBFB}</UniqueIdentifier>
      <Extensions>h;hh;hpp;hxx;h++;hm;inl;inc;ipp;xsd</Extensions>
    </Filter>
    <Filter Include="Fichiers de ressources">
      <UniqueIdentifier>{67DA6AB6-F800-4c08-8B7A-83BB121AAD01}</UniqueIdentifier>
      <Extensions>rc;ico;cur;bmp;dlg;rc2;rct;bin;rgs;gif;jpg;jpeg;jpe;resx;tiff;tif;png;wav;mfcribbon-ms</Extensions>
    </Filter>
    <Filter Include="Fichiers d%27en-tête\data">
      <UniqueIdentifier>{ab3f41e9-6f91-4a49-b47f-d5fd2745dd37}</UniqueIdentifier>
    </Filter>
    <Filter Include="Fichiers sources\data">
      <UniqueIdentifier>{ddb107df-3cef-4eb9-81cb-220a578a72e2}</UniqueIdentifier>
    </Filter>
    <Filter Include="Fichiers d%27en-tête\data\points">
      <UniqueIdentifier>{5ecd07d6-4c21-4299-ad48-fd91bd1713da}</UniqueIdentifier>
    </Filter>
    <Filter Include="Fichiers sources\data\points">
      <UniqueIdentifier>{925194ed-3209-46f8-b4d4-368cb0a337a3}</UniqueIdentifier>
    </Filter>
    <Filter Include="Fichiers d%27en-tête\data\init_tour">
      <UniqueIdentifier>{5f099190-6d6e-453d-80ce-e2330cf3653f}</UniqueIdentifier>
    </Filter>
    <Filter Include="Fichiers sources\data\init_tour">
      <UniqueIdentifier>{7c9b1dd8-a50d-4f4d-925f-6f295c20f4ad}</UniqueIdentifier>
    </Filter>
    <Filter Include="Fichiers d%27en-tête\external_lib">
      <UniqueIdentifier>{e89baf47-ede5-4c14-a327-ebf7c572d905}</UniqueIdentifier>
    </Filter>
    <Filter Include="Fichiers sources\external_lib">
      <UniqueIdentifier>{05f3aecc-bbbe-4254-84e6-78e6d27a9fd5}</UniqueIdentifier>
    </Filter>
    <Filter Include="Fichiers d%27en-tête\algorithms">
      <UniqueIdentifier>{56e50a9e-7990-49db-b24c-ac2fabaa6c9b}</UniqueIdentifier>
    </Filter>
    <Filter Include="Fichiers sources\algorithms">
      <UniqueIdentifier>{51f76aa2-fa6d-4a8f-aca6-68a01bb90719}</UniqueIdentifier>
    </Filter>
    <Filter Include="Fichiers d%27en-tête\output">
      <UniqueIdentifier>{905b238d-441d-45da-b64f-3ad45cbbcd59}</UniqueIdentifier>
    </Filter>
    <Filter Include="Fichiers sources\output">
      <UniqueIdentifier>{c8bd9bc4-55d4-4768-92ae-e0c13d3f54bc}</UniqueIdentifier>
    </Filter>
  </ItemGroup>
  <ItemGroup>
    <ClInclude Include="constants.h">
      <Filter>Fichiers d%27en-tête</Filter>
    </ClInclude>
    <ClInclude Include="utils.h">
      <Filter>Fichiers d%27en-tête</Filter>
    </ClInclude>
    <ClInclude Include="tests.h">
      <Filter>Fichiers d%27en-tête</Filter>
    </ClInclude>
    <ClInclude Include="preprocessing.h">
      <Filter>Fichiers d%27en-tête\data</Filter>
    </ClInclude>
    <ClInclude Include="tsplib.h">
      <Filter>Fichiers d%27en-tête\data\points</Filter>
    </ClInclude>
    <ClInclude Include="random_eucl.h">
      <Filter>Fichiers d%27en-tête\data\points</Filter>
    </ClInclude>
    <ClInclude Include="random_init_tour.h">
      <Filter>Fichiers d%27en-tête\data\init_tour</Filter>
    </ClInclude>
    <ClInclude Include="improved_init_tour.h">
      <Filter>Fichiers d%27en-tête\data\init_tour</Filter>
    </ClInclude>
    <ClInclude Include="npy.hpp">
      <Filter>Fichiers d%27en-tête\external_lib</Filter>
    </ClInclude>
    <ClInclude Include="FI.h">
      <Filter>Fichiers d%27en-tête\algorithms</Filter>
    </ClInclude>
    <ClInclude Include="BI.h">
      <Filter>Fichiers d%27en-tête\algorithms</Filter>
    </ClInclude>
    <ClInclude Include="BI_NL.h">
      <Filter>Fichiers d%27en-tête\algorithms</Filter>
    </ClInclude>
    <ClInclude Include="FI_NL.h">
      <Filter>Fichiers d%27en-tête\algorithms</Filter>
    </ClInclude>
    <ClInclude Include="tour.h">
      <Filter>Fichiers d%27en-tête\algorithms</Filter>
    </ClInclude>
    <ClInclude Include="iteration_order.h">
      <Filter>Fichiers d%27en-tête\algorithms</Filter>
    </ClInclude>
    <ClInclude Include="results.h">
      <Filter>Fichiers d%27en-tête\output</Filter>
    </ClInclude>
    <ClInclude Include="factory.h">
      <Filter>Fichiers d%27en-tête</Filter>
    </ClInclude>
    <ClInclude Include="save_to_hdf5.h">
      <Filter>Fichiers d%27en-tête\output</Filter>
    </ClInclude>
  </ItemGroup>
  <ItemGroup>
    <ClCompile Include="utils.cpp">
      <Filter>Fichiers sources</Filter>
    </ClCompile>
    <ClCompile Include="main.cpp">
      <Filter>Fichiers sources</Filter>
    </ClCompile>
    <ClCompile Include="tests.cpp">
      <Filter>Fichiers sources</Filter>
    </ClCompile>
    <ClCompile Include="preprocessing.cpp">
      <Filter>Fichiers sources\data</Filter>
    </ClCompile>
    <ClCompile Include="improved_init_tour.cpp">
      <Filter>Fichiers sources\data\init_tour</Filter>
    </ClCompile>
    <ClCompile Include="random_init_tour.cpp">
      <Filter>Fichiers sources\data\init_tour</Filter>
    </ClCompile>
    <ClCompile Include="random_eucl.cpp">
      <Filter>Fichiers sources\data\points</Filter>
    </ClCompile>
    <ClCompile Include="tsplib.cpp">
      <Filter>Fichiers sources\data\points</Filter>
    </ClCompile>
    <ClCompile Include="FI.cpp">
      <Filter>Fichiers sources\algorithms</Filter>
    </ClCompile>
    <ClCompile Include="BI.cpp">
      <Filter>Fichiers sources\algorithms</Filter>
    </ClCompile>
    <ClCompile Include="BI_NL.cpp">
      <Filter>Fichiers sources\algorithms</Filter>
    </ClCompile>
    <ClCompile Include="FI_NL.cpp">
      <Filter>Fichiers sources\algorithms</Filter>
    </ClCompile>
    <ClCompile Include="tour.cpp">
      <Filter>Fichiers sources\algorithms</Filter>
    </ClCompile>
    <ClCompile Include="iteration_order.cpp">
      <Filter>Fichiers sources\algorithms</Filter>
    </ClCompile>
    <ClCompile Include="results.cpp">
      <Filter>Fichiers sources\output</Filter>
    </ClCompile>
    <ClCompile Include="factory.cpp">
      <Filter>Fichiers sources</Filter>
    </ClCompile>
    <ClCompile Include="save_to_hdf5.cpp">
      <Filter>Fichiers sources\output</Filter>
    </ClCompile>
  </ItemGroup>
  <ItemGroup>
    <None Include="packages.config" />
  </ItemGroup>
</Project>